// !$*UTF8*$!
{
	archiveVersion = 1;
	classes = {
	};
	objectVersion = 50;
	objects = {

/* Begin PBXBuildFile section */
		6B2A9E60218C754B0060F959 /* AppDelegate.m in Sources */ = {isa = PBXBuildFile; fileRef = 6B2A9E5F218C754B0060F959 /* AppDelegate.m */; };
		6B2A9E63218C754B0060F959 /* ViewController.m in Sources */ = {isa = PBXBuildFile; fileRef = 6B2A9E62218C754B0060F959 /* ViewController.m */; };
		6B2A9E66218C754B0060F959 /* Main.storyboard in Resources */ = {isa = PBXBuildFile; fileRef = 6B2A9E64218C754B0060F959 /* Main.storyboard */; };
		6B2A9E68218C754B0060F959 /* Assets.xcassets in Resources */ = {isa = PBXBuildFile; fileRef = 6B2A9E67218C754B0060F959 /* Assets.xcassets */; };
		6B2A9E6B218C754B0060F959 /* LaunchScreen.storyboard in Resources */ = {isa = PBXBuildFile; fileRef = 6B2A9E69218C754B0060F959 /* LaunchScreen.storyboard */; };
		6B2A9E6E218C754B0060F959 /* main.m in Sources */ = {isa = PBXBuildFile; fileRef = 6B2A9E6D218C754B0060F959 /* main.m */; };
		6B2A9E82218C90A50060F959 /* HeraChartsBridge.swift in Sources */ = {isa = PBXBuildFile; fileRef = 6B2A9E81218C90A50060F959 /* HeraChartsBridge.swift */; };
		6BA82021218EC61E002DE1F0 /* Charts.framework in Frameworks */ = {isa = PBXBuildFile; fileRef = 6B63D4A3218CC21C0044DDF7 /* Charts.framework */; };
		6BA82022218EC61E002DE1F0 /* Charts.framework in Embed Frameworks */ = {isa = PBXBuildFile; fileRef = 6B63D4A3218CC21C0044DDF7 /* Charts.framework */; settings = {ATTRIBUTES = (CodeSignOnCopy, RemoveHeadersOnCopy, ); }; };
		6BA82029218EC94B002DE1F0 /* HeraChartView.m in Sources */ = {isa = PBXBuildFile; fileRef = 6BA82028218EC94B002DE1F0 /* HeraChartView.m */; };
		6BA82031218ED05A002DE1F0 /* HeraPeriodModel.m in Sources */ = {isa = PBXBuildFile; fileRef = 6BA82030218ED05A002DE1F0 /* HeraPeriodModel.m */; };
		6BA82034218ED157002DE1F0 /* HeraDataValueFormatter.m in Sources */ = {isa = PBXBuildFile; fileRef = 6BA82033218ED157002DE1F0 /* HeraDataValueFormatter.m */; };
		6BA8203A218ED1C6002DE1F0 /* HeraSetValueFormatter.m in Sources */ = {isa = PBXBuildFile; fileRef = 6BA82039218ED1C6002DE1F0 /* HeraSetValueFormatter.m */; };
		6BA8203D218ED28C002DE1F0 /* HeraSymbolsValueFormatter.m in Sources */ = {isa = PBXBuildFile; fileRef = 6BA8203C218ED28C002DE1F0 /* HeraSymbolsValueFormatter.m */; };
		6BA82040218EEEC5002DE1F0 /* HeraPeriodsDataModel.m in Sources */ = {isa = PBXBuildFile; fileRef = 6BA8203F218EEEC5002DE1F0 /* HeraPeriodsDataModel.m */; };
		6BA82042218EF191002DE1F0 /* HeraLineChartLabelRenderer.swift in Sources */ = {isa = PBXBuildFile; fileRef = 6BA82041218EF191002DE1F0 /* HeraLineChartLabelRenderer.swift */; };
/* End PBXBuildFile section */

/* Begin PBXContainerItemProxy section */
		6B63D4A2218CC21C0044DDF7 /* PBXContainerItemProxy */ = {
			isa = PBXContainerItemProxy;
			containerPortal = 6B63D49D218CC21C0044DDF7 /* Charts.xcodeproj */;
			proxyType = 2;
			remoteGlobalIDString = 65AD9E95D9ED4DC0BD73A743;
			remoteInfo = Charts;
		};
		6B63D4A4218CC21C0044DDF7 /* PBXContainerItemProxy */ = {
			isa = PBXContainerItemProxy;
			containerPortal = 6B63D49D218CC21C0044DDF7 /* Charts.xcodeproj */;
			proxyType = 2;
			remoteGlobalIDString = 1CBBC58C6CE1EBEE9852CE41;
			remoteInfo = ChartsTests;
		};
		6BA82023218EC61E002DE1F0 /* PBXContainerItemProxy */ = {
			isa = PBXContainerItemProxy;
			containerPortal = 6B63D49D218CC21C0044DDF7 /* Charts.xcodeproj */;
			proxyType = 1;
			remoteGlobalIDString = A58A4ED274A941CA248EA921;
			remoteInfo = Charts;
		};
/* End PBXContainerItemProxy section */

/* Begin PBXCopyFilesBuildPhase section */
		6BA82025218EC61E002DE1F0 /* Embed Frameworks */ = {
			isa = PBXCopyFilesBuildPhase;
			buildActionMask = 2147483647;
			dstPath = "";
			dstSubfolderSpec = 10;
			files = (
				6BA82022218EC61E002DE1F0 /* Charts.framework in Embed Frameworks */,
			);
			name = "Embed Frameworks";
			runOnlyForDeploymentPostprocessing = 0;
		};
/* End PBXCopyFilesBuildPhase section */

/* Begin PBXFileReference section */
		6B2A9E5B218C754B0060F959 /* HeraChartsManually.app */ = {isa = PBXFileReference; explicitFileType = wrapper.application; includeInIndex = 0; path = HeraChartsManually.app; sourceTree = BUILT_PRODUCTS_DIR; };
		6B2A9E5E218C754B0060F959 /* AppDelegate.h */ = {isa = PBXFileReference; lastKnownFileType = sourcecode.c.h; path = AppDelegate.h; sourceTree = "<group>"; };
		6B2A9E5F218C754B0060F959 /* AppDelegate.m */ = {isa = PBXFileReference; lastKnownFileType = sourcecode.c.objc; path = AppDelegate.m; sourceTree = "<group>"; };
		6B2A9E61218C754B0060F959 /* ViewController.h */ = {isa = PBXFileReference; lastKnownFileType = sourcecode.c.h; path = ViewController.h; sourceTree = "<group>"; };
		6B2A9E62218C754B0060F959 /* ViewController.m */ = {isa = PBXFileReference; lastKnownFileType = sourcecode.c.objc; path = ViewController.m; sourceTree = "<group>"; };
		6B2A9E65218C754B0060F959 /* Base */ = {isa = PBXFileReference; lastKnownFileType = file.storyboard; name = Base; path = Base.lproj/Main.storyboard; sourceTree = "<group>"; };
		6B2A9E67218C754B0060F959 /* Assets.xcassets */ = {isa = PBXFileReference; lastKnownFileType = folder.assetcatalog; path = Assets.xcassets; sourceTree = "<group>"; };
		6B2A9E6A218C754B0060F959 /* Base */ = {isa = PBXFileReference; lastKnownFileType = file.storyboard; name = Base; path = Base.lproj/LaunchScreen.storyboard; sourceTree = "<group>"; };
		6B2A9E6C218C754B0060F959 /* Info.plist */ = {isa = PBXFileReference; lastKnownFileType = text.plist.xml; path = Info.plist; sourceTree = "<group>"; };
		6B2A9E6D218C754B0060F959 /* main.m */ = {isa = PBXFileReference; lastKnownFileType = sourcecode.c.objc; path = main.m; sourceTree = "<group>"; };
		6B2A9E80218C90A50060F959 /* HeraChartsManually-Bridging-Header.h */ = {isa = PBXFileReference; lastKnownFileType = sourcecode.c.h; path = "HeraChartsManually-Bridging-Header.h"; sourceTree = "<group>"; };
		6B2A9E81218C90A50060F959 /* HeraChartsBridge.swift */ = {isa = PBXFileReference; lastKnownFileType = sourcecode.swift; path = HeraChartsBridge.swift; sourceTree = "<group>"; };
		6B63D49D218CC21C0044DDF7 /* Charts.xcodeproj */ = {isa = PBXFileReference; lastKnownFileType = "wrapper.pb-project"; name = Charts.xcodeproj; path = Charts/Charts.xcodeproj; sourceTree = "<group>"; };
		6BA82027218EC94B002DE1F0 /* HeraChartView.h */ = {isa = PBXFileReference; lastKnownFileType = sourcecode.c.h; path = HeraChartView.h; sourceTree = "<group>"; };
		6BA82028218EC94B002DE1F0 /* HeraChartView.m */ = {isa = PBXFileReference; lastKnownFileType = sourcecode.c.objc; path = HeraChartView.m; sourceTree = "<group>"; };
		6BA8202F218ED05A002DE1F0 /* HeraPeriodModel.h */ = {isa = PBXFileReference; lastKnownFileType = sourcecode.c.h; path = HeraPeriodModel.h; sourceTree = "<group>"; };
		6BA82030218ED05A002DE1F0 /* HeraPeriodModel.m */ = {isa = PBXFileReference; lastKnownFileType = sourcecode.c.objc; path = HeraPeriodModel.m; sourceTree = "<group>"; };
		6BA82032218ED157002DE1F0 /* HeraDataValueFormatter.h */ = {isa = PBXFileReference; lastKnownFileType = sourcecode.c.h; path = HeraDataValueFormatter.h; sourceTree = "<group>"; };
		6BA82033218ED157002DE1F0 /* HeraDataValueFormatter.m */ = {isa = PBXFileReference; lastKnownFileType = sourcecode.c.objc; path = HeraDataValueFormatter.m; sourceTree = "<group>"; };
		6BA82038218ED1C6002DE1F0 /* HeraSetValueFormatter.h */ = {isa = PBXFileReference; lastKnownFileType = sourcecode.c.h; path = HeraSetValueFormatter.h; sourceTree = "<group>"; };
		6BA82039218ED1C6002DE1F0 /* HeraSetValueFormatter.m */ = {isa = PBXFileReference; lastKnownFileType = sourcecode.c.objc; path = HeraSetValueFormatter.m; sourceTree = "<group>"; };
		6BA8203B218ED28C002DE1F0 /* HeraSymbolsValueFormatter.h */ = {isa = PBXFileReference; lastKnownFileType = sourcecode.c.h; path = HeraSymbolsValueFormatter.h; sourceTree = "<group>"; };
		6BA8203C218ED28C002DE1F0 /* HeraSymbolsValueFormatter.m */ = {isa = PBXFileReference; lastKnownFileType = sourcecode.c.objc; path = HeraSymbolsValueFormatter.m; sourceTree = "<group>"; };
		6BA8203E218EEEC5002DE1F0 /* HeraPeriodsDataModel.h */ = {isa = PBXFileReference; lastKnownFileType = sourcecode.c.h; path = HeraPeriodsDataModel.h; sourceTree = "<group>"; };
		6BA8203F218EEEC5002DE1F0 /* HeraPeriodsDataModel.m */ = {isa = PBXFileReference; lastKnownFileType = sourcecode.c.objc; path = HeraPeriodsDataModel.m; sourceTree = "<group>"; };
		6BA82041218EF191002DE1F0 /* HeraLineChartLabelRenderer.swift */ = {isa = PBXFileReference; lastKnownFileType = sourcecode.swift; path = HeraLineChartLabelRenderer.swift; sourceTree = "<group>"; };
/* End PBXFileReference section */

/* Begin PBXFrameworksBuildPhase section */
		6B2A9E58218C754B0060F959 /* Frameworks */ = {
			isa = PBXFrameworksBuildPhase;
			buildActionMask = 2147483647;
			files = (
				6BA82021218EC61E002DE1F0 /* Charts.framework in Frameworks */,
			);
			runOnlyForDeploymentPostprocessing = 0;
		};
/* End PBXFrameworksBuildPhase section */

/* Begin PBXGroup section */
		6B2A9E52218C754B0060F959 = {
			isa = PBXGroup;
			children = (
				6B2A9E5D218C754B0060F959 /* HeraChartsManually */,
				6B2A9E5C218C754B0060F959 /* Products */,
				6B63D49D218CC21C0044DDF7 /* Charts.xcodeproj */,
			);
			sourceTree = "<group>";
		};
		6B2A9E5C218C754B0060F959 /* Products */ = {
			isa = PBXGroup;
			children = (
				6B2A9E5B218C754B0060F959 /* HeraChartsManually.app */,
			);
			name = Products;
			sourceTree = "<group>";
		};
		6B2A9E5D218C754B0060F959 /* HeraChartsManually */ = {
			isa = PBXGroup;
			children = (
				6BA8202E218ECFEB002DE1F0 /* ViewModel */,
				6BA8202B218ECB50002DE1F0 /* DataFormatter */,
				6BA8202A218ECB45002DE1F0 /* View */,
				6B2A9E5E218C754B0060F959 /* AppDelegate.h */,
				6B2A9E5F218C754B0060F959 /* AppDelegate.m */,
				6B2A9E61218C754B0060F959 /* ViewController.h */,
				6B2A9E62218C754B0060F959 /* ViewController.m */,
				6B2A9E64218C754B0060F959 /* Main.storyboard */,
				6B2A9E67218C754B0060F959 /* Assets.xcassets */,
				6B2A9E69218C754B0060F959 /* LaunchScreen.storyboard */,
				6B2A9E6C218C754B0060F959 /* Info.plist */,
				6B2A9E6D218C754B0060F959 /* main.m */,
				6B2A9E81218C90A50060F959 /* HeraChartsBridge.swift */,
				6B2A9E80218C90A50060F959 /* HeraChartsManually-Bridging-Header.h */,
			);
			path = HeraChartsManually;
			sourceTree = "<group>";
		};
		6B63D49E218CC21C0044DDF7 /* Products */ = {
			isa = PBXGroup;
			children = (
				6B63D4A3218CC21C0044DDF7 /* Charts.framework */,
				6B63D4A5218CC21C0044DDF7 /* ChartsTests.xctest */,
			);
			name = Products;
			sourceTree = "<group>";
		};
		6BA8202A218ECB45002DE1F0 /* View */ = {
			isa = PBXGroup;
			children = (
				6BA82027218EC94B002DE1F0 /* HeraChartView.h */,
				6BA82028218EC94B002DE1F0 /* HeraChartView.m */,
				6BA82041218EF191002DE1F0 /* HeraLineChartLabelRenderer.swift */,
			);
			path = View;
			sourceTree = "<group>";
		};
		6BA8202B218ECB50002DE1F0 /* DataFormatter */ = {
			isa = PBXGroup;
			children = (
				6BA82032218ED157002DE1F0 /* HeraDataValueFormatter.h */,
				6BA82033218ED157002DE1F0 /* HeraDataValueFormatter.m */,
				6BA82038218ED1C6002DE1F0 /* HeraSetValueFormatter.h */,
				6BA82039218ED1C6002DE1F0 /* HeraSetValueFormatter.m */,
				6BA8203B218ED28C002DE1F0 /* HeraSymbolsValueFormatter.h */,
				6BA8203C218ED28C002DE1F0 /* HeraSymbolsValueFormatter.m */,
			);
			path = DataFormatter;
			sourceTree = "<group>";
		};
		6BA8202E218ECFEB002DE1F0 /* ViewModel */ = {
			isa = PBXGroup;
			children = (
				6BA8202F218ED05A002DE1F0 /* HeraPeriodModel.h */,
				6BA82030218ED05A002DE1F0 /* HeraPeriodModel.m */,
				6BA8203E218EEEC5002DE1F0 /* HeraPeriodsDataModel.h */,
				6BA8203F218EEEC5002DE1F0 /* HeraPeriodsDataModel.m */,
			);
			path = ViewModel;
			sourceTree = "<group>";
		};
/* End PBXGroup section */

/* Begin PBXNativeTarget section */
		6B2A9E5A218C754B0060F959 /* HeraChartsManually */ = {
			isa = PBXNativeTarget;
			buildConfigurationList = 6B2A9E71218C754B0060F959 /* Build configuration list for PBXNativeTarget "HeraChartsManually" */;
			buildPhases = (
				6B2A9E57218C754B0060F959 /* Sources */,
				6B2A9E58218C754B0060F959 /* Frameworks */,
				6B2A9E59218C754B0060F959 /* Resources */,
				6BA82025218EC61E002DE1F0 /* Embed Frameworks */,
			);
			buildRules = (
			);
			dependencies = (
				6BA82024218EC61E002DE1F0 /* PBXTargetDependency */,
			);
			name = HeraChartsManually;
			productName = HeraChartsManually;
			productReference = 6B2A9E5B218C754B0060F959 /* HeraChartsManually.app */;
			productType = "com.apple.product-type.application";
		};
/* End PBXNativeTarget section */

/* Begin PBXProject section */
		6B2A9E53218C754B0060F959 /* Project object */ = {
			isa = PBXProject;
			attributes = {
				LastUpgradeCheck = 0940;
				ORGANIZATIONNAME = chengfeng_Yang;
				TargetAttributes = {
					6B2A9E5A218C754B0060F959 = {
						CreatedOnToolsVersion = 9.4.1;
						LastSwiftMigration = 0940;
					};
				};
			};
			buildConfigurationList = 6B2A9E56218C754B0060F959 /* Build configuration list for PBXProject "HeraChartsManually" */;
			compatibilityVersion = "Xcode 9.3";
			developmentRegion = en;
			hasScannedForEncodings = 0;
			knownRegions = (
				en,
				Base,
			);
			mainGroup = 6B2A9E52218C754B0060F959;
			productRefGroup = 6B2A9E5C218C754B0060F959 /* Products */;
			projectDirPath = "";
			projectReferences = (
				{
					ProductGroup = 6B63D49E218CC21C0044DDF7 /* Products */;
					ProjectRef = 6B63D49D218CC21C0044DDF7 /* Charts.xcodeproj */;
				},
			);
			projectRoot = "";
			targets = (
				6B2A9E5A218C754B0060F959 /* HeraChartsManually */,
			);
		};
/* End PBXProject section */

/* Begin PBXReferenceProxy section */
		6B63D4A3218CC21C0044DDF7 /* Charts.framework */ = {
			isa = PBXReferenceProxy;
			fileType = wrapper.framework;
			path = Charts.framework;
			remoteRef = 6B63D4A2218CC21C0044DDF7 /* PBXContainerItemProxy */;
			sourceTree = BUILT_PRODUCTS_DIR;
		};
		6B63D4A5218CC21C0044DDF7 /* ChartsTests.xctest */ = {
			isa = PBXReferenceProxy;
			fileType = wrapper.cfbundle;
			path = ChartsTests.xctest;
			remoteRef = 6B63D4A4218CC21C0044DDF7 /* PBXContainerItemProxy */;
			sourceTree = BUILT_PRODUCTS_DIR;
		};
/* End PBXReferenceProxy section */

/* Begin PBXResourcesBuildPhase section */
		6B2A9E59218C754B0060F959 /* Resources */ = {
			isa = PBXResourcesBuildPhase;
			buildActionMask = 2147483647;
			files = (
				6B2A9E6B218C754B0060F959 /* LaunchScreen.storyboard in Resources */,
				6B2A9E68218C754B0060F959 /* Assets.xcassets in Resources */,
				6B2A9E66218C754B0060F959 /* Main.storyboard in Resources */,
			);
			runOnlyForDeploymentPostprocessing = 0;
		};
/* End PBXResourcesBuildPhase section */

/* Begin PBXSourcesBuildPhase section */
		6B2A9E57218C754B0060F959 /* Sources */ = {
			isa = PBXSourcesBuildPhase;
			buildActionMask = 2147483647;
			files = (
				6B2A9E63218C754B0060F959 /* ViewController.m in Sources */,
				6B2A9E6E218C754B0060F959 /* main.m in Sources */,
				6BA82031218ED05A002DE1F0 /* HeraPeriodModel.m in Sources */,
				6B2A9E60218C754B0060F959 /* AppDelegate.m in Sources */,
				6BA8203D218ED28C002DE1F0 /* HeraSymbolsValueFormatter.m in Sources */,
				6BA82042218EF191002DE1F0 /* HeraLineChartLabelRenderer.swift in Sources */,
				6B2A9E82218C90A50060F959 /* HeraChartsBridge.swift in Sources */,
				6BA82034218ED157002DE1F0 /* HeraDataValueFormatter.m in Sources */,
				6BA82029218EC94B002DE1F0 /* HeraChartView.m in Sources */,
				6BA82040218EEEC5002DE1F0 /* HeraPeriodsDataModel.m in Sources */,
				6BA8203A218ED1C6002DE1F0 /* HeraSetValueFormatter.m in Sources */,
			);
			runOnlyForDeploymentPostprocessing = 0;
		};
/* End PBXSourcesBuildPhase section */

/* Begin PBXTargetDependency section */
		6BA82024218EC61E002DE1F0 /* PBXTargetDependency */ = {
			isa = PBXTargetDependency;
			name = Charts;
			targetProxy = 6BA82023218EC61E002DE1F0 /* PBXContainerItemProxy */;
		};
/* End PBXTargetDependency section */

/* Begin PBXVariantGroup section */
		6B2A9E64218C754B0060F959 /* Main.storyboard */ = {
			isa = PBXVariantGroup;
			children = (
				6B2A9E65218C754B0060F959 /* Base */,
			);
			name = Main.storyboard;
			sourceTree = "<group>";
		};
		6B2A9E69218C754B0060F959 /* LaunchScreen.storyboard */ = {
			isa = PBXVariantGroup;
			children = (
				6B2A9E6A218C754B0060F959 /* Base */,
			);
			name = LaunchScreen.storyboard;
			sourceTree = "<group>";
		};
/* End PBXVariantGroup section */

/* Begin XCBuildConfiguration section */
		6B2A9E6F218C754B0060F959 /* Debug */ = {
			isa = XCBuildConfiguration;
			buildSettings = {
				ALWAYS_EMBED_SWIFT_STANDARD_LIBRARIES = YES;
				ALWAYS_SEARCH_USER_PATHS = NO;
				CLANG_ANALYZER_NONNULL = YES;
				CLANG_ANALYZER_NUMBER_OBJECT_CONVERSION = YES_AGGRESSIVE;
				CLANG_CXX_LANGUAGE_STANDARD = "gnu++14";
				CLANG_CXX_LIBRARY = "libc++";
				CLANG_ENABLE_MODULES = YES;
				CLANG_ENABLE_OBJC_ARC = YES;
				CLANG_ENABLE_OBJC_WEAK = YES;
				CLANG_WARN_BLOCK_CAPTURE_AUTORELEASING = YES;
				CLANG_WARN_BOOL_CONVERSION = YES;
				CLANG_WARN_COMMA = YES;
				CLANG_WARN_CONSTANT_CONVERSION = YES;
				CLANG_WARN_DEPRECATED_OBJC_IMPLEMENTATIONS = YES;
				CLANG_WARN_DIRECT_OBJC_ISA_USAGE = YES_ERROR;
				CLANG_WARN_DOCUMENTATION_COMMENTS = YES;
				CLANG_WARN_EMPTY_BODY = YES;
				CLANG_WARN_ENUM_CONVERSION = YES;
				CLANG_WARN_INFINITE_RECURSION = YES;
				CLANG_WARN_INT_CONVERSION = YES;
				CLANG_WARN_NON_LITERAL_NULL_CONVERSION = YES;
				CLANG_WARN_OBJC_IMPLICIT_RETAIN_SELF = YES;
				CLANG_WARN_OBJC_LITERAL_CONVERSION = YES;
				CLANG_WARN_OBJC_ROOT_CLASS = YES_ERROR;
				CLANG_WARN_RANGE_LOOP_ANALYSIS = YES;
				CLANG_WARN_STRICT_PROTOTYPES = YES;
				CLANG_WARN_SUSPICIOUS_MOVE = YES;
				CLANG_WARN_UNGUARDED_AVAILABILITY = YES_AGGRESSIVE;
				CLANG_WARN_UNREACHABLE_CODE = YES;
				CLANG_WARN__DUPLICATE_METHOD_MATCH = YES;
				CODE_SIGN_IDENTITY = "iPhone Developer";
				COPY_PHASE_STRIP = NO;
				DEBUG_INFORMATION_FORMAT = dwarf;
				ENABLE_STRICT_OBJC_MSGSEND = YES;
				ENABLE_TESTABILITY = YES;
				GCC_C_LANGUAGE_STANDARD = gnu11;
				GCC_DYNAMIC_NO_PIC = NO;
				GCC_NO_COMMON_BLOCKS = YES;
				GCC_OPTIMIZATION_LEVEL = 0;
				GCC_PREPROCESSOR_DEFINITIONS = (
					"DEBUG=1",
					"$(inherited)",
				);
				GCC_WARN_64_TO_32_BIT_CONVERSION = YES;
				GCC_WARN_ABOUT_RETURN_TYPE = YES_ERROR;
				GCC_WARN_UNDECLARED_SELECTOR = YES;
				GCC_WARN_UNINITIALIZED_AUTOS = YES_AGGRESSIVE;
				GCC_WARN_UNUSED_FUNCTION = YES;
				GCC_WARN_UNUSED_VARIABLE = YES;
				IPHONEOS_DEPLOYMENT_TARGET = 11.4;
				MTL_ENABLE_DEBUG_INFO = YES;
				ONLY_ACTIVE_ARCH = YES;
				SDKROOT = iphoneos;
				SWIFT_VERSION = 4.0;
			};
			name = Debug;
		};
		6B2A9E70218C754B0060F959 /* Release */ = {
			isa = XCBuildConfiguration;
			buildSettings = {
				ALWAYS_EMBED_SWIFT_STANDARD_LIBRARIES = YES;
				ALWAYS_SEARCH_USER_PATHS = NO;
				CLANG_ANALYZER_NONNULL = YES;
				CLANG_ANALYZER_NUMBER_OBJECT_CONVERSION = YES_AGGRESSIVE;
				CLANG_CXX_LANGUAGE_STANDARD = "gnu++14";
				CLANG_CXX_LIBRARY = "libc++";
				CLANG_ENABLE_MODULES = YES;
				CLANG_ENABLE_OBJC_ARC = YES;
				CLANG_ENABLE_OBJC_WEAK = YES;
				CLANG_WARN_BLOCK_CAPTURE_AUTORELEASING = YES;
				CLANG_WARN_BOOL_CONVERSION = YES;
				CLANG_WARN_COMMA = YES;
				CLANG_WARN_CONSTANT_CONVERSION = YES;
				CLANG_WARN_DEPRECATED_OBJC_IMPLEMENTATIONS = YES;
				CLANG_WARN_DIRECT_OBJC_ISA_USAGE = YES_ERROR;
				CLANG_WARN_DOCUMENTATION_COMMENTS = YES;
				CLANG_WARN_EMPTY_BODY = YES;
				CLANG_WARN_ENUM_CONVERSION = YES;
				CLANG_WARN_INFINITE_RECURSION = YES;
				CLANG_WARN_INT_CONVERSION = YES;
				CLANG_WARN_NON_LITERAL_NULL_CONVERSION = YES;
				CLANG_WARN_OBJC_IMPLICIT_RETAIN_SELF = YES;
				CLANG_WARN_OBJC_LITERAL_CONVERSION = YES;
				CLANG_WARN_OBJC_ROOT_CLASS = YES_ERROR;
				CLANG_WARN_RANGE_LOOP_ANALYSIS = YES;
				CLANG_WARN_STRICT_PROTOTYPES = YES;
				CLANG_WARN_SUSPICIOUS_MOVE = YES;
				CLANG_WARN_UNGUARDED_AVAILABILITY = YES_AGGRESSIVE;
				CLANG_WARN_UNREACHABLE_CODE = YES;
				CLANG_WARN__DUPLICATE_METHOD_MATCH = YES;
				CODE_SIGN_IDENTITY = "iPhone Developer";
				COPY_PHASE_STRIP = NO;
				DEBUG_INFORMATION_FORMAT = "dwarf-with-dsym";
				ENABLE_NS_ASSERTIONS = NO;
				ENABLE_STRICT_OBJC_MSGSEND = YES;
				GCC_C_LANGUAGE_STANDARD = gnu11;
				GCC_NO_COMMON_BLOCKS = YES;
				GCC_WARN_64_TO_32_BIT_CONVERSION = YES;
				GCC_WARN_ABOUT_RETURN_TYPE = YES_ERROR;
				GCC_WARN_UNDECLARED_SELECTOR = YES;
				GCC_WARN_UNINITIALIZED_AUTOS = YES_AGGRESSIVE;
				GCC_WARN_UNUSED_FUNCTION = YES;
				GCC_WARN_UNUSED_VARIABLE = YES;
				IPHONEOS_DEPLOYMENT_TARGET = 11.4;
				MTL_ENABLE_DEBUG_INFO = NO;
				SDKROOT = iphoneos;
				SWIFT_VERSION = 4.0;
				VALIDATE_PRODUCT = YES;
			};
			name = Release;
		};
		6B2A9E72218C754B0060F959 /* Debug */ = {
			isa = XCBuildConfiguration;
			buildSettings = {
				ALWAYS_EMBED_SWIFT_STANDARD_LIBRARIES = YES;
				ASSETCATALOG_COMPILER_APPICON_NAME = AppIcon;
				CLANG_ENABLE_MODULES = YES;
				CODE_SIGN_STYLE = Automatic;
				INFOPLIST_FILE = HeraChartsManually/Info.plist;
				LD_RUNPATH_SEARCH_PATHS = (
					"$(inherited)",
					"@executable_path/Frameworks",
				);
				PRODUCT_BUNDLE_IDENTIFIER = chengfengYang.HeraChartsManually;
				PRODUCT_NAME = "$(TARGET_NAME)";
				SWIFT_OBJC_BRIDGING_HEADER = "HeraChartsManually/HeraChartsManually-Bridging-Header.h";
				SWIFT_OPTIMIZATION_LEVEL = "-Onone";
				SWIFT_VERSION = 4.0;
				TARGETED_DEVICE_FAMILY = "1,2";
			};
			name = Debug;
		};
		6B2A9E73218C754B0060F959 /* Release */ = {
			isa = XCBuildConfiguration;
			buildSettings = {
				ALWAYS_EMBED_SWIFT_STANDARD_LIBRARIES = YES;
				ASSETCATALOG_COMPILER_APPICON_NAME = AppIcon;
				CLANG_ENABLE_MODULES = YES;
				CODE_SIGN_STYLE = Automatic;
				INFOPLIST_FILE = HeraChartsManually/Info.plist;
				LD_RUNPATH_SEARCH_PATHS = (
					"$(inherited)",
					"@executable_path/Frameworks",
				);
				PRODUCT_BUNDLE_IDENTIFIER = chengfengYang.HeraChartsManually;
				PRODUCT_NAME = "$(TARGET_NAME)";
				SWIFT_OBJC_BRIDGING_HEADER = "HeraChartsManually/HeraChartsManually-Bridging-Header.h";
				SWIFT_VERSION = 4.0;
				TARGETED_DEVICE_FAMILY = "1,2";
			};
			name = Release;
		};
/* End XCBuildConfiguration section */

/* Begin XCConfigurationList section */
		6B2A9E56218C754B0060F959 /* Build configuration list for PBXProject "HeraChartsManually" */ = {
			isa = XCConfigurationList;
			buildConfigurations = (
				6B2A9E6F218C754B0060F959 /* Debug */,
				6B2A9E70218C754B0060F959 /* Release */,
			);
			defaultConfigurationIsVisible = 0;
			defaultConfigurationName = Release;
		};
		6B2A9E71218C754B0060F959 /* Build configuration list for PBXNativeTarget "HeraChartsManually" */ = {
			isa = XCConfigurationList;
			buildConfigurations = (
				6B2A9E72218C754B0060F959 /* Debug */,
				6B2A9E73218C754B0060F959 /* Release */,
			);
			defaultConfigurationIsVisible = 0;
			defaultConfigurationName = Release;
		};
/* End XCConfigurationList section */
	};
	rootObject = 6B2A9E53218C754B0060F959 /* Project object */;
}
